
Microsoft Visual Studio Solution File, Format Version 12.00
# Visual Studio Version 17
VisualStudioVersion = 17.14.36811.4 d17.14
MinimumVisualStudioVersion = 10.0.40219.1
Project("{FAE04EC0-301F-11D3-BF4B-00C04F79EFBC}") = "ProjectRowadd", "ProjectRowadd\ProjectRowadd.csproj", "{209FD4B8-423D-454D-9546-00244647785A}"
EndProject
Global
	GlobalSection(SolutionConfigurationPlatforms) = preSolution
		Debug|Any CPU = Debug|Any CPU
		Release|Any CPU = Release|Any CPU
	EndGlobalSection
	GlobalSection(ProjectConfigurationPlatforms) = postSolution
		{209FD4B8-423D-454D-9546-00244647785A}.Debug|Any CPU.ActiveCfg = Debug|Any CPU
		{209FD4B8-423D-454D-9546-00244647785A}.Debug|Any CPU.Build.0 = Debug|Any CPU
		{209FD4B8-423D-454D-9546-00244647785A}.Release|Any CPU.ActiveCfg = Release|Any CPU
		{209FD4B8-423D-454D-9546-00244647785A}.Release|Any CPU.Build.0 = Release|Any CPU
	EndGlobalSection
	GlobalSection(SolutionProperties) = preSolution
		HideSolutionNode = FALSE
	EndGlobalSection
	GlobalSection(ExtensibilityGlobals) = postSolution
		SolutionGuid = {AA9B7C24-75FE-4C09-9E1E-8175B22E63D4}
	EndGlobalSection
EndGlobal
